
Microsoft Visual Studio Solution File, Format Version 12.00
# Visual Studio Version 17
VisualStudioVersion = 17.2.32616.157
MinimumVisualStudioVersion = 10.0.40219.1
Project("{FAE04EC0-301F-11D3-BF4B-00C04F79EFBC}") = "ReactProject", "ReactProject.csproj", "{CC7AE524-E804-4503-A32D-67A92AB5EE11}"
EndProject
Global
	GlobalSection(SolutionConfigurationPlatforms) = preSolution
		Debug|Any CPU = Debug|Any CPU
		Release|Any CPU = Release|Any CPU
	EndGlobalSection
	GlobalSection(ProjectConfigurationPlatforms) = postSolution
		{CC7AE524-E804-4503-A32D-67A92AB5EE11}.Debug|Any CPU.ActiveCfg = Debug|Any CPU
		{CC7AE524-E804-4503-A32D-67A92AB5EE11}.Debug|Any CPU.Build.0 = Debug|Any CPU
		{CC7AE524-E804-4503-A32D-67A92AB5EE11}.Release|Any CPU.ActiveCfg = Release|Any CPU
		{CC7AE524-E804-4503-A32D-67A92AB5EE11}.Release|Any CPU.Build.0 = Release|Any CPU
	EndGlobalSection
	GlobalSection(SolutionProperties) = preSolution
		HideSolutionNode = FALSE
	EndGlobalSection
	GlobalSection(ExtensibilityGlobals) = postSolution
		SolutionGuid = {F2734924-3893-402B-A39D-E05C809BD447}
	EndGlobalSection
EndGlobal
